{
  "nodes": {
    "naersk": {
      "inputs": {
        "nixpkgs": "nixpkgs"
      },
      "locked": {
        "lastModified": 1635777496,
        "narHash": "sha256-8y2gyBTD0CMYbiTlmpLNEtvC7c/Al4qIToHTXN0L4kU=",
        "owner": "nmattia",
        "repo": "naersk",
        "rev": "5bed2dbf074d95627a9c35bf262eb577ade97bb9",
        "type": "github"
      },
      "original": {
        "owner": "nmattia",
        "repo": "naersk",
        "type": "github"
      }
    },
    "nixpkgs": {
      "locked": {
        "lastModified": 1636014261,
        "narHash": "sha256-GXi0GqgAsIi/CFer87iV+NH1ol+RvcVPybUE7QRoKow=",
        "owner": "NixOS",
        "repo": "nixpkgs",
        "rev": "f0e0efabb0dbe2f68d02c1a84cf6074bb8539016",
        "type": "github"
      },
      "original": {
        "id": "nixpkgs",
        "type": "indirect"
      }
    },
    "nixpkgs_2": {
      "locked": {
        "lastModified": 1636014261,
        "narHash": "sha256-GXi0GqgAsIi/CFer87iV+NH1ol+RvcVPybUE7QRoKow=",
        "owner": "NixOS",
        "repo": "nixpkgs",
        "rev": "f0e0efabb0dbe2f68d02c1a84cf6074bb8539016",
        "type": "github"
      },
      "original": {
        "id": "nixpkgs",
        "type": "indirect"
      }
    },
    "root": {
      "inputs": {
        "naersk": "naersk",
        "nixpkgs": "nixpkgs_2",
        "utils": "utils"
      }
    },
    "utils": {
      "locked": {
        "lastModified": 1634851050,
        "narHash": "sha256-N83GlSGPJJdcqhUxSCS/WwW5pksYf3VP1M13cDRTSVA=",
        "owner": "numtide",
        "repo": "flake-utils",
        "rev": "c91f3de5adaf1de973b797ef7485e441a65b8935",
        "type": "github"
      },
      "original": {
        "owner": "numtide",
        "repo": "flake-utils",
        "type": "github"
      }
    }
  },
  "root": "root",
  "version": 7
}
